
Microsoft Visual Studio Solution File, Format Version 12.00
# Visual Studio Version 17
VisualStudioVersion = 17.8.34511.84
MinimumVisualStudioVersion = 10.0.40219.1
Project("{FAE04EC0-301F-11D3-BF4B-00C04F79EFBC}") = "Mindbox test", "Mindbox test.csproj", "{3C5250AA-CF1E-453B-885D-7FB15A90D533}"
EndProject
Global
	GlobalSection(SolutionConfigurationPlatforms) = preSolution
		Debug|Any CPU = Debug|Any CPU
		Release|Any CPU = Release|Any CPU
	EndGlobalSection
	GlobalSection(ProjectConfigurationPlatforms) = postSolution
		{3C5250AA-CF1E-453B-885D-7FB15A90D533}.Debug|Any CPU.ActiveCfg = Debug|Any CPU
		{3C5250AA-CF1E-453B-885D-7FB15A90D533}.Debug|Any CPU.Build.0 = Debug|Any CPU
		{3C5250AA-CF1E-453B-885D-7FB15A90D533}.Release|Any CPU.ActiveCfg = Release|Any CPU
		{3C5250AA-CF1E-453B-885D-7FB15A90D533}.Release|Any CPU.Build.0 = Release|Any CPU
	EndGlobalSection
	GlobalSection(SolutionProperties) = preSolution
		HideSolutionNode = FALSE
	EndGlobalSection
	GlobalSection(ExtensibilityGlobals) = postSolution
		SolutionGuid = {786C0E94-BBF3-4509-960C-52E8AFD16FBD}
	EndGlobalSection
EndGlobal
